// !$*UTF8*$!
{
	archiveVersion = 1;
	classes = {
	};
	objectVersion = 46;
	objects = {

/* Begin PBXBuildFile section */
		602A78341D2A122E00668A36 /* main.m in Sources */ = {isa = PBXBuildFile; fileRef = 602A78331D2A122E00668A36 /* main.m */; };
		602A78371D2A122E00668A36 /* AppDelegate.m in Sources */ = {isa = PBXBuildFile; fileRef = 602A78361D2A122E00668A36 /* AppDelegate.m */; };
		602A783A1D2A122E00668A36 /* ViewController.m in Sources */ = {isa = PBXBuildFile; fileRef = 602A78391D2A122E00668A36 /* ViewController.m */; };
		602A783D1D2A122E00668A36 /* Main.storyboard in Resources */ = {isa = PBXBuildFile; fileRef = 602A783B1D2A122E00668A36 /* Main.storyboard */; };
		602A783F1D2A122E00668A36 /* Assets.xcassets in Resources */ = {isa = PBXBuildFile; fileRef = 602A783E1D2A122E00668A36 /* Assets.xcassets */; };
		602A78421D2A122E00668A36 /* LaunchScreen.storyboard in Resources */ = {isa = PBXBuildFile; fileRef = 602A78401D2A122E00668A36 /* LaunchScreen.storyboard */; };
		602A784D1D2A122E00668A36 /* IgnoreNullArrayTests.m in Sources */ = {isa = PBXBuildFile; fileRef = 602A784C1D2A122E00668A36 /* IgnoreNullArrayTests.m */; };
		602A78581D2A122E00668A36 /* IgnoreNullArrayUITests.m in Sources */ = {isa = PBXBuildFile; fileRef = 602A78571D2A122E00668A36 /* IgnoreNullArrayUITests.m */; };
		602A78671D2A124A00668A36 /* Model.m in Sources */ = {isa = PBXBuildFile; fileRef = 602A78661D2A124A00668A36 /* Model.m */; };
		602A786B1D2A3BC200668A36 /* NSNull+JRExtension.m in Sources */ = {isa = PBXBuildFile; fileRef = 602A786A1D2A3BC200668A36 /* NSNull+JRExtension.m */; };
/* End PBXBuildFile section */

/* Begin PBXContainerItemProxy section */
		602A78491D2A122E00668A36 /* PBXContainerItemProxy */ = {
			isa = PBXContainerItemProxy;
			containerPortal = 602A78271D2A122E00668A36 /* Project object */;
			proxyType = 1;
			remoteGlobalIDString = 602A782E1D2A122E00668A36;
			remoteInfo = IgnoreNullArray;
		};
		602A78541D2A122E00668A36 /* PBXContainerItemProxy */ = {
			isa = PBXContainerItemProxy;
			containerPortal = 602A78271D2A122E00668A36 /* Project object */;
			proxyType = 1;
			remoteGlobalIDString = 602A782E1D2A122E00668A36;
			remoteInfo = IgnoreNullArray;
		};
/* End PBXContainerItemProxy section */

/* Begin PBXFileReference section */
		602A782F1D2A122E00668A36 /* IgnoreNullArray.app */ = {isa = PBXFileReference; explicitFileType = wrapper.application; includeInIndex = 0; path = IgnoreNullArray.app; sourceTree = BUILT_PRODUCTS_DIR; };
		602A78331D2A122E00668A36 /* main.m */ = {isa = PBXFileReference; lastKnownFileType = sourcecode.c.objc; path = main.m; sourceTree = "<group>"; };
		602A78351D2A122E00668A36 /* AppDelegate.h */ = {isa = PBXFileReference; lastKnownFileType = sourcecode.c.h; path = AppDelegate.h; sourceTree = "<group>"; };
		602A78361D2A122E00668A36 /* AppDelegate.m */ = {isa = PBXFileReference; lastKnownFileType = sourcecode.c.objc; path = AppDelegate.m; sourceTree = "<group>"; };
		602A78381D2A122E00668A36 /* ViewController.h */ = {isa = PBXFileReference; lastKnownFileType = sourcecode.c.h; path = ViewController.h; sourceTree = "<group>"; };
		602A78391D2A122E00668A36 /* ViewController.m */ = {isa = PBXFileReference; lastKnownFileType = sourcecode.c.objc; path = ViewController.m; sourceTree = "<group>"; };
		602A783C1D2A122E00668A36 /* Base */ = {isa = PBXFileReference; lastKnownFileType = file.storyboard; name = Base; path = Base.lproj/Main.storyboard; sourceTree = "<group>"; };
		602A783E1D2A122E00668A36 /* Assets.xcassets */ = {isa = PBXFileReference; lastKnownFileType = folder.assetcatalog; path = Assets.xcassets; sourceTree = "<group>"; };
		602A78411D2A122E00668A36 /* Base */ = {isa = PBXFileReference; lastKnownFileType = file.storyboard; name = Base; path = Base.lproj/LaunchScreen.storyboard; sourceTree = "<group>"; };
		602A78431D2A122E00668A36 /* Info.plist */ = {isa = PBXFileReference; lastKnownFileType = text.plist.xml; path = Info.plist; sourceTree = "<group>"; };
		602A78481D2A122E00668A36 /* IgnoreNullArrayTests.xctest */ = {isa = PBXFileReference; explicitFileType = wrapper.cfbundle; includeInIndex = 0; path = IgnoreNullArrayTests.xctest; sourceTree = BUILT_PRODUCTS_DIR; };
		602A784C1D2A122E00668A36 /* IgnoreNullArrayTests.m */ = {isa = PBXFileReference; lastKnownFileType = sourcecode.c.objc; path = IgnoreNullArrayTests.m; sourceTree = "<group>"; };
		602A784E1D2A122E00668A36 /* Info.plist */ = {isa = PBXFileReference; lastKnownFileType = text.plist.xml; path = Info.plist; sourceTree = "<group>"; };
		602A78531D2A122E00668A36 /* IgnoreNullArrayUITests.xctest */ = {isa = PBXFileReference; explicitFileType = wrapper.cfbundle; includeInIndex = 0; path = IgnoreNullArrayUITests.xctest; sourceTree = BUILT_PRODUCTS_DIR; };
		602A78571D2A122E00668A36 /* IgnoreNullArrayUITests.m */ = {isa = PBXFileReference; lastKnownFileType = sourcecode.c.objc; path = IgnoreNullArrayUITests.m; sourceTree = "<group>"; };
		602A78591D2A122E00668A36 /* Info.plist */ = {isa = PBXFileReference; lastKnownFileType = text.plist.xml; path = Info.plist; sourceTree = "<group>"; };
		602A78651D2A124A00668A36 /* Model.h */ = {isa = PBXFileReference; fileEncoding = 4; lastKnownFileType = sourcecode.c.h; path = Model.h; sourceTree = "<group>"; };
		602A78661D2A124A00668A36 /* Model.m */ = {isa = PBXFileReference; fileEncoding = 4; lastKnownFileType = sourcecode.c.objc; path = Model.m; sourceTree = "<group>"; };
		602A78691D2A3BC200668A36 /* NSNull+JRExtension.h */ = {isa = PBXFileReference; fileEncoding = 4; lastKnownFileType = sourcecode.c.h; path = "NSNull+JRExtension.h"; sourceTree = "<group>"; };
		602A786A1D2A3BC200668A36 /* NSNull+JRExtension.m */ = {isa = PBXFileReference; fileEncoding = 4; lastKnownFileType = sourcecode.c.objc; path = "NSNull+JRExtension.m"; sourceTree = "<group>"; };
/* End PBXFileReference section */

/* Begin PBXFrameworksBuildPhase section */
		602A782C1D2A122E00668A36 /* Frameworks */ = {
			isa = PBXFrameworksBuildPhase;
			buildActionMask = 2147483647;
			files = (
			);
			runOnlyForDeploymentPostprocessing = 0;
		};
		602A78451D2A122E00668A36 /* Frameworks */ = {
			isa = PBXFrameworksBuildPhase;
			buildActionMask = 2147483647;
			files = (
			);
			runOnlyForDeploymentPostprocessing = 0;
		};
		602A78501D2A122E00668A36 /* Frameworks */ = {
			isa = PBXFrameworksBuildPhase;
			buildActionMask = 2147483647;
			files = (
			);
			runOnlyForDeploymentPostprocessing = 0;
		};
/* End PBXFrameworksBuildPhase section */

/* Begin PBXGroup section */
		602A78261D2A122E00668A36 = {
			isa = PBXGroup;
			children = (
				602A78311D2A122E00668A36 /* IgnoreNullArray */,
				602A784B1D2A122E00668A36 /* IgnoreNullArrayTests */,
				602A78561D2A122E00668A36 /* IgnoreNullArrayUITests */,
				602A78301D2A122E00668A36 /* Products */,
			);
			sourceTree = "<group>";
		};
		602A78301D2A122E00668A36 /* Products */ = {
			isa = PBXGroup;
			children = (
				602A782F1D2A122E00668A36 /* IgnoreNullArray.app */,
				602A78481D2A122E00668A36 /* IgnoreNullArrayTests.xctest */,
				602A78531D2A122E00668A36 /* IgnoreNullArrayUITests.xctest */,
			);
			name = Products;
			sourceTree = "<group>";
		};
		602A78311D2A122E00668A36 /* IgnoreNullArray */ = {
			isa = PBXGroup;
			children = (
				602A78681D2A3B9C00668A36 /* Category */,
				602A78351D2A122E00668A36 /* AppDelegate.h */,
				602A78361D2A122E00668A36 /* AppDelegate.m */,
				602A78381D2A122E00668A36 /* ViewController.h */,
				602A78391D2A122E00668A36 /* ViewController.m */,
				602A783B1D2A122E00668A36 /* Main.storyboard */,
				602A783E1D2A122E00668A36 /* Assets.xcassets */,
				602A78401D2A122E00668A36 /* LaunchScreen.storyboard */,
				602A78431D2A122E00668A36 /* Info.plist */,
				602A78321D2A122E00668A36 /* Supporting Files */,
				602A78651D2A124A00668A36 /* Model.h */,
				602A78661D2A124A00668A36 /* Model.m */,
			);
			path = IgnoreNullArray;
			sourceTree = "<group>";
		};
		602A78321D2A122E00668A36 /* Supporting Files */ = {
			isa = PBXGroup;
			children = (
				602A78331D2A122E00668A36 /* main.m */,
			);
			name = "Supporting Files";
			sourceTree = "<group>";
		};
		602A784B1D2A122E00668A36 /* IgnoreNullArrayTests */ = {
			isa = PBXGroup;
			children = (
				602A784C1D2A122E00668A36 /* IgnoreNullArrayTests.m */,
				602A784E1D2A122E00668A36 /* Info.plist */,
			);
			path = IgnoreNullArrayTests;
			sourceTree = "<group>";
		};
		602A78561D2A122E00668A36 /* IgnoreNullArrayUITests */ = {
			isa = PBXGroup;
			children = (
				602A78571D2A122E00668A36 /* IgnoreNullArrayUITests.m */,
				602A78591D2A122E00668A36 /* Info.plist */,
			);
			path = IgnoreNullArrayUITests;
			sourceTree = "<group>";
		};
		602A78681D2A3B9C00668A36 /* Category */ = {
			isa = PBXGroup;
			children = (
				602A78691D2A3BC200668A36 /* NSNull+JRExtension.h */,
				602A786A1D2A3BC200668A36 /* NSNull+JRExtension.m */,
			);
			name = Category;
			sourceTree = "<group>";
		};
/* End PBXGroup section */

/* Begin PBXNativeTarget section */
		602A782E1D2A122E00668A36 /* IgnoreNullArray */ = {
			isa = PBXNativeTarget;
			buildConfigurationList = 602A785C1D2A122E00668A36 /* Build configuration list for PBXNativeTarget "IgnoreNullArray" */;
			buildPhases = (
				602A782B1D2A122E00668A36 /* Sources */,
				602A782C1D2A122E00668A36 /* Frameworks */,
				602A782D1D2A122E00668A36 /* Resources */,
			);
			buildRules = (
			);
			dependencies = (
			);
			name = IgnoreNullArray;
			productName = IgnoreNullArray;
			productReference = 602A782F1D2A122E00668A36 /* IgnoreNullArray.app */;
			productType = "com.apple.product-type.application";
		};
		602A78471D2A122E00668A36 /* IgnoreNullArrayTests */ = {
			isa = PBXNativeTarget;
			buildConfigurationList = 602A785F1D2A122E00668A36 /* Build configuration list for PBXNativeTarget "IgnoreNullArrayTests" */;
			buildPhases = (
				602A78441D2A122E00668A36 /* Sources */,
				602A78451D2A122E00668A36 /* Frameworks */,
				602A78461D2A122E00668A36 /* Resources */,
			);
			buildRules = (
			);
			dependencies = (
				602A784A1D2A122E00668A36 /* PBXTargetDependency */,
			);
			name = IgnoreNullArrayTests;
			productName = IgnoreNullArrayTests;
			productReference = 602A78481D2A122E00668A36 /* IgnoreNullArrayTests.xctest */;
			productType = "com.apple.product-type.bundle.unit-test";
		};
		602A78521D2A122E00668A36 /* IgnoreNullArrayUITests */ = {
			isa = PBXNativeTarget;
			buildConfigurationList = 602A78621D2A122E00668A36 /* Build configuration list for PBXNativeTarget "IgnoreNullArrayUITests" */;
			buildPhases = (
				602A784F1D2A122E00668A36 /* Sources */,
				602A78501D2A122E00668A36 /* Frameworks */,
				602A78511D2A122E00668A36 /* Resources */,
			);
			buildRules = (
			);
			dependencies = (
				602A78551D2A122E00668A36 /* PBXTargetDependency */,
			);
			name = IgnoreNullArrayUITests;
			productName = IgnoreNullArrayUITests;
			productReference = 602A78531D2A122E00668A36 /* IgnoreNullArrayUITests.xctest */;
			productType = "com.apple.product-type.bundle.ui-testing";
		};
/* End PBXNativeTarget section */

/* Begin PBXProject section */
		602A78271D2A122E00668A36 /* Project object */ = {
			isa = PBXProject;
			attributes = {
				LastUpgradeCheck = 0730;
				ORGANIZATIONNAME = caijunrong;
				TargetAttributes = {
					602A782E1D2A122E00668A36 = {
						CreatedOnToolsVersion = 7.3.1;
					};
					602A78471D2A122E00668A36 = {
						CreatedOnToolsVersion = 7.3.1;
						TestTargetID = 602A782E1D2A122E00668A36;
					};
					602A78521D2A122E00668A36 = {
						CreatedOnToolsVersion = 7.3.1;
						TestTargetID = 602A782E1D2A122E00668A36;
					};
				};
			};
			buildConfigurationList = 602A782A1D2A122E00668A36 /* Build configuration list for PBXProject "IgnoreNullArray" */;
			compatibilityVersion = "Xcode 3.2";
			developmentRegion = English;
			hasScannedForEncodings = 0;
			knownRegions = (
				en,
				Base,
			);
			mainGroup = 602A78261D2A122E00668A36;
			productRefGroup = 602A78301D2A122E00668A36 /* Products */;
			projectDirPath = "";
			projectRoot = "";
			targets = (
				602A782E1D2A122E00668A36 /* IgnoreNullArray */,
				602A78471D2A122E00668A36 /* IgnoreNullArrayTests */,
				602A78521D2A122E00668A36 /* IgnoreNullArrayUITests */,
			);
		};
/* End PBXProject section */

/* Begin PBXResourcesBuildPhase section */
		602A782D1D2A122E00668A36 /* Resources */ = {
			isa = PBXResourcesBuildPhase;
			buildActionMask = 2147483647;
			files = (
				602A78421D2A122E00668A36 /* LaunchScreen.storyboard in Resources */,
				602A783F1D2A122E00668A36 /* Assets.xcassets in Resources */,
				602A783D1D2A122E00668A36 /* Main.storyboard in Resources */,
			);
			runOnlyForDeploymentPostprocessing = 0;
		};
		602A78461D2A122E00668A36 /* Resources */ = {
			isa = PBXResourcesBuildPhase;
			buildActionMask = 2147483647;
			files = (
			);
			runOnlyForDeploymentPostprocessing = 0;
		};
		602A78511D2A122E00668A36 /* Resources */ = {
			isa = PBXResourcesBuildPhase;
			buildActionMask = 2147483647;
			files = (
			);
			runOnlyForDeploymentPostprocessing = 0;
		};
/* End PBXResourcesBuildPhase section */

/* Begin PBXSourcesBuildPhase section */
		602A782B1D2A122E00668A36 /* Sources */ = {
			isa = PBXSourcesBuildPhase;
			buildActionMask = 2147483647;
			files = (
				602A783A1D2A122E00668A36 /* ViewController.m in Sources */,
				602A78371D2A122E00668A36 /* AppDelegate.m in Sources */,
				602A786B1D2A3BC200668A36 /* NSNull+JRExtension.m in Sources */,
				602A78341D2A122E00668A36 /* main.m in Sources */,
				602A78671D2A124A00668A36 /* Model.m in Sources */,
			);
			runOnlyForDeploymentPostprocessing = 0;
		};
		602A78441D2A122E00668A36 /* Sources */ = {
			isa = PBXSourcesBuildPhase;
			buildActionMask = 2147483647;
			files = (
				602A784D1D2A122E00668A36 /* IgnoreNullArrayTests.m in Sources */,
			);
			runOnlyForDeploymentPostprocessing = 0;
		};
		602A784F1D2A122E00668A36 /* Sources */ = {
			isa = PBXSourcesBuildPhase;
			buildActionMask = 2147483647;
			files = (
				602A78581D2A122E00668A36 /* IgnoreNullArrayUITests.m in Sources */,
			);
			runOnlyForDeploymentPostprocessing = 0;
		};
/* End PBXSourcesBuildPhase section */

/* Begin PBXTargetDependency section */
		602A784A1D2A122E00668A36 /* PBXTargetDependency */ = {
			isa = PBXTargetDependency;
			target = 602A782E1D2A122E00668A36 /* IgnoreNullArray */;
			targetProxy = 602A78491D2A122E00668A36 /* PBXContainerItemProxy */;
		};
		602A78551D2A122E00668A36 /* PBXTargetDependency */ = {
			isa = PBXTargetDependency;
			target = 602A782E1D2A122E00668A36 /* IgnoreNullArray */;
			targetProxy = 602A78541D2A122E00668A36 /* PBXContainerItemProxy */;
		};
/* End PBXTargetDependency section */

/* Begin PBXVariantGroup section */
		602A783B1D2A122E00668A36 /* Main.storyboard */ = {
			isa = PBXVariantGroup;
			children = (
				602A783C1D2A122E00668A36 /* Base */,
			);
			name = Main.storyboard;
			sourceTree = "<group>";
		};
		602A78401D2A122E00668A36 /* LaunchScreen.storyboard */ = {
			isa = PBXVariantGroup;
			children = (
				602A78411D2A122E00668A36 /* Base */,
			);
			name = LaunchScreen.storyboard;
			sourceTree = "<group>";
		};
/* End PBXVariantGroup section */

/* Begin XCBuildConfiguration section */
		602A785A1D2A122E00668A36 /* Debug */ = {
			isa = XCBuildConfiguration;
			buildSettings = {
				ALWAYS_SEARCH_USER_PATHS = NO;
				CLANG_ANALYZER_NONNULL = YES;
				CLANG_CXX_LANGUAGE_STANDARD = "gnu++0x";
				CLANG_CXX_LIBRARY = "libc++";
				CLANG_ENABLE_MODULES = YES;
				CLANG_ENABLE_OBJC_ARC = YES;
				CLANG_WARN_BOOL_CONVERSION = YES;
				CLANG_WARN_CONSTANT_CONVERSION = YES;
				CLANG_WARN_DIRECT_OBJC_ISA_USAGE = YES_ERROR;
				CLANG_WARN_EMPTY_BODY = YES;
				CLANG_WARN_ENUM_CONVERSION = YES;
				CLANG_WARN_INT_CONVERSION = YES;
				CLANG_WARN_OBJC_ROOT_CLASS = YES_ERROR;
				CLANG_WARN_UNREACHABLE_CODE = YES;
				CLANG_WARN__DUPLICATE_METHOD_MATCH = YES;
				"CODE_SIGN_IDENTITY[sdk=iphoneos*]" = "iPhone Developer";
				COPY_PHASE_STRIP = NO;
				DEBUG_INFORMATION_FORMAT = dwarf;
				ENABLE_STRICT_OBJC_MSGSEND = YES;
				ENABLE_TESTABILITY = YES;
				GCC_C_LANGUAGE_STANDARD = gnu99;
				GCC_DYNAMIC_NO_PIC = NO;
				GCC_NO_COMMON_BLOCKS = YES;
				GCC_OPTIMIZATION_LEVEL = 0;
				GCC_PREPROCESSOR_DEFINITIONS = (
					"DEBUG=1",
					"$(inherited)",
				);
				GCC_WARN_64_TO_32_BIT_CONVERSION = YES;
				GCC_WARN_ABOUT_RETURN_TYPE = YES_ERROR;
				GCC_WARN_UNDECLARED_SELECTOR = YES;
				GCC_WARN_UNINITIALIZED_AUTOS = YES_AGGRESSIVE;
				GCC_WARN_UNUSED_FUNCTION = YES;
				GCC_WARN_UNUSED_VARIABLE = YES;
				IPHONEOS_DEPLOYMENT_TARGET = 9.3;
				MTL_ENABLE_DEBUG_INFO = YES;
				ONLY_ACTIVE_ARCH = YES;
				SDKROOT = iphoneos;
				TARGETED_DEVICE_FAMILY = "1,2";
			};
			name = Debug;
		};
		602A785B1D2A122E00668A36 /* Release */ = {
			isa = XCBuildConfiguration;
			buildSettings = {
				ALWAYS_SEARCH_USER_PATHS = NO;
				CLANG_ANALYZER_NONNULL = YES;
				CLANG_CXX_LANGUAGE_STANDARD = "gnu++0x";
				CLANG_CXX_LIBRARY = "libc++";
				CLANG_ENABLE_MODULES = YES;
				CLANG_ENABLE_OBJC_ARC = YES;
				CLANG_WARN_BOOL_CONVERSION = YES;
				CLANG_WARN_CONSTANT_CONVERSION = YES;
				CLANG_WARN_DIRECT_OBJC_ISA_USAGE = YES_ERROR;
				CLANG_WARN_EMPTY_BODY = YES;
				CLANG_WARN_ENUM_CONVERSION = YES;
				CLANG_WARN_INT_CONVERSION = YES;
				CLANG_WARN_OBJC_ROOT_CLASS = YES_ERROR;
				CLANG_WARN_UNREACHABLE_CODE = YES;
				CLANG_WARN__DUPLICATE_METHOD_MATCH = YES;
				"CODE_SIGN_IDENTITY[sdk=iphoneos*]" = "iPhone Developer";
				COPY_PHASE_STRIP = NO;
				DEBUG_INFORMATION_FORMAT = "dwarf-with-dsym";
				ENABLE_NS_ASSERTIONS = NO;
				ENABLE_STRICT_OBJC_MSGSEND = YES;
				GCC_C_LANGUAGE_STANDARD = gnu99;
				GCC_NO_COMMON_BLOCKS = YES;
				GCC_WARN_64_TO_32_BIT_CONVERSION = YES;
				GCC_WARN_ABOUT_RETURN_TYPE = YES_ERROR;
				GCC_WARN_UNDECLARED_SELECTOR = YES;
				GCC_WARN_UNINITIALIZED_AUTOS = YES_AGGRESSIVE;
				GCC_WARN_UNUSED_FUNCTION = YES;
				GCC_WARN_UNUSED_VARIABLE = YES;
				IPHONEOS_DEPLOYMENT_TARGET = 9.3;
				MTL_ENABLE_DEBUG_INFO = NO;
				SDKROOT = iphoneos;
				TARGETED_DEVICE_FAMILY = "1,2";
				VALIDATE_PRODUCT = YES;
			};
			name = Release;
		};
		602A785D1D2A122E00668A36 /* Debug */ = {
			isa = XCBuildConfiguration;
			buildSettings = {
				ASSETCATALOG_COMPILER_APPICON_NAME = AppIcon;
				INFOPLIST_FILE = IgnoreNullArray/Info.plist;
				IPHONEOS_DEPLOYMENT_TARGET = 7.0;
				LD_RUNPATH_SEARCH_PATHS = "$(inherited) @executable_path/Frameworks";
				PRODUCT_BUNDLE_IDENTIFIER = com.caijunrong.IgnoreNullArray;
				PRODUCT_NAME = "$(TARGET_NAME)";
			};
			name = Debug;
		};
		602A785E1D2A122E00668A36 /* Release */ = {
			isa = XCBuildConfiguration;
			buildSettings = {
				ASSETCATALOG_COMPILER_APPICON_NAME = AppIcon;
				INFOPLIST_FILE = IgnoreNullArray/Info.plist;
				IPHONEOS_DEPLOYMENT_TARGET = 7.0;
				LD_RUNPATH_SEARCH_PATHS = "$(inherited) @executable_path/Frameworks";
				PRODUCT_BUNDLE_IDENTIFIER = com.caijunrong.IgnoreNullArray;
				PRODUCT_NAME = "$(TARGET_NAME)";
			};
			name = Release;
		};
		602A78601D2A122E00668A36 /* Debug */ = {
			isa = XCBuildConfiguration;
			buildSettings = {
				BUNDLE_LOADER = "$(TEST_HOST)";
				INFOPLIST_FILE = IgnoreNullArrayTests/Info.plist;
				LD_RUNPATH_SEARCH_PATHS = "$(inherited) @executable_path/Frameworks @loader_path/Frameworks";
				PRODUCT_BUNDLE_IDENTIFIER = com.caijunrong.IgnoreNullArrayTests;
				PRODUCT_NAME = "$(TARGET_NAME)";
				TEST_HOST = "$(BUILT_PRODUCTS_DIR)/IgnoreNullArray.app/IgnoreNullArray";
			};
			name = Debug;
		};
		602A78611D2A122E00668A36 /* Release */ = {
			isa = XCBuildConfiguration;
			buildSettings = {
				BUNDLE_LOADER = "$(TEST_HOST)";
				INFOPLIST_FILE = IgnoreNullArrayTests/Info.plist;
				LD_RUNPATH_SEARCH_PATHS = "$(inherited) @executable_path/Frameworks @loader_path/Frameworks";
				PRODUCT_BUNDLE_IDENTIFIER = com.caijunrong.IgnoreNullArrayTests;
				PRODUCT_NAME = "$(TARGET_NAME)";
				TEST_HOST = "$(BUILT_PRODUCTS_DIR)/IgnoreNullArray.app/IgnoreNullArray";
			};
			name = Release;
		};
		602A78631D2A122E00668A36 /* Debug */ = {
			isa = XCBuildConfiguration;
			buildSettings = {
				INFOPLIST_FILE = IgnoreNullArrayUITests/Info.plist;
				LD_RUNPATH_SEARCH_PATHS = "$(inherited) @executable_path/Frameworks @loader_path/Frameworks";
				PRODUCT_BUNDLE_IDENTIFIER = com.caijunrong.IgnoreNullArrayUITests;
				PRODUCT_NAME = "$(TARGET_NAME)";
				TEST_TARGET_NAME = IgnoreNullArray;
			};
			name = Debug;
		};
		602A78641D2A122E00668A36 /* Release */ = {
			isa = XCBuildConfiguration;
			buildSettings = {
				INFOPLIST_FILE = IgnoreNullArrayUITests/Info.plist;
				LD_RUNPATH_SEARCH_PATHS = "$(inherited) @executable_path/Frameworks @loader_path/Frameworks";
				PRODUCT_BUNDLE_IDENTIFIER = com.caijunrong.IgnoreNullArrayUITests;
				PRODUCT_NAME = "$(TARGET_NAME)";
				TEST_TARGET_NAME = IgnoreNullArray;
			};
			name = Release;
		};
/* End XCBuildConfiguration section */

/* Begin XCConfigurationList section */
		602A782A1D2A122E00668A36 /* Build configuration list for PBXProject "IgnoreNullArray" */ = {
			isa = XCConfigurationList;
			buildConfigurations = (
				602A785A1D2A122E00668A36 /* Debug */,
				602A785B1D2A122E00668A36 /* Release */,
			);
			defaultConfigurationIsVisible = 0;
			defaultConfigurationName = Release;
		};
		602A785C1D2A122E00668A36 /* Build configuration list for PBXNativeTarget "IgnoreNullArray" */ = {
			isa = XCConfigurationList;
			buildConfigurations = (
				602A785D1D2A122E00668A36 /* Debug */,
				602A785E1D2A122E00668A36 /* Release */,
			);
			defaultConfigurationIsVisible = 0;
		};
		602A785F1D2A122E00668A36 /* Build configuration list for PBXNativeTarget "IgnoreNullArrayTests" */ = {
			isa = XCConfigurationList;
			buildConfigurations = (
				602A78601D2A122E00668A36 /* Debug */,
				602A78611D2A122E00668A36 /* Release */,
			);
			defaultConfigurationIsVisible = 0;
		};
		602A78621D2A122E00668A36 /* Build configuration list for PBXNativeTarget "IgnoreNullArrayUITests" */ = {
			isa = XCConfigurationList;
			buildConfigurations = (
				602A78631D2A122E00668A36 /* Debug */,
				602A78641D2A122E00668A36 /* Release */,
			);
			defaultConfigurationIsVisible = 0;
		};
/* End XCConfigurationList section */
	};
	rootObject = 602A78271D2A122E00668A36 /* Project object */;
}
